
Microsoft Visual Studio Solution File, Format Version 12.00
# Visual Studio Version 17
VisualStudioVersion = 17.8.34309.116
MinimumVisualStudioVersion = 10.0.40219.1
Project("{9A19103F-16F7-4668-BE54-9A1E7A4F7556}") = "FactoryMethodPattern", "FactoryMethodPattern\FactoryMethodPattern.csproj", "{D919E50C-2868-4FF7-8C83-EA34FCCB52A5}"
EndProject
Project("{FAE04EC0-301F-11D3-BF4B-00C04F79EFBC}") = "AbstractFactoryPattern", "AbstractFactoryPattern\AbstractFactoryPattern.csproj", "{0C8FA707-C4BF-4948-AAE5-6BB422E5A776}"
EndProject
Global
	GlobalSection(SolutionConfigurationPlatforms) = preSolution
		Debug|Any CPU = Debug|Any CPU
		Release|Any CPU = Release|Any CPU
	EndGlobalSection
	GlobalSection(ProjectConfigurationPlatforms) = postSolution
		{D919E50C-2868-4FF7-8C83-EA34FCCB52A5}.Debug|Any CPU.ActiveCfg = Debug|Any CPU
		{D919E50C-2868-4FF7-8C83-EA34FCCB52A5}.Debug|Any CPU.Build.0 = Debug|Any CPU
		{D919E50C-2868-4FF7-8C83-EA34FCCB52A5}.Release|Any CPU.ActiveCfg = Release|Any CPU
		{D919E50C-2868-4FF7-8C83-EA34FCCB52A5}.Release|Any CPU.Build.0 = Release|Any CPU
		{0C8FA707-C4BF-4948-AAE5-6BB422E5A776}.Debug|Any CPU.ActiveCfg = Debug|Any CPU
		{0C8FA707-C4BF-4948-AAE5-6BB422E5A776}.Debug|Any CPU.Build.0 = Debug|Any CPU
		{0C8FA707-C4BF-4948-AAE5-6BB422E5A776}.Release|Any CPU.ActiveCfg = Release|Any CPU
		{0C8FA707-C4BF-4948-AAE5-6BB422E5A776}.Release|Any CPU.Build.0 = Release|Any CPU
	EndGlobalSection
	GlobalSection(SolutionProperties) = preSolution
		HideSolutionNode = FALSE
	EndGlobalSection
	GlobalSection(ExtensibilityGlobals) = postSolution
		SolutionGuid = {CCA12607-1D8E-463E-A9C8-AAB2D7C24705}
	EndGlobalSection
EndGlobal
